// !$*UTF8*$!
{
	archiveVersion = 1;
	classes = {
	};
	objectVersion = 56;
	objects = {

/* Begin PBXBuildFile section */
		69AB08562B32DAFC00F3F377 /* Splash.swift in Sources */ = {isa = PBXBuildFile; fileRef = 69AB08552B32DAFC00F3F377 /* Splash.swift */; };
		69AB08582B32DB3900F3F377 /* Nmigif.gif in Resources */ = {isa = PBXBuildFile; fileRef = 69AB08572B32DB3900F3F377 /* Nmigif.gif */; };
		69AB08842B342D3900F3F377 /* Localizable.strings in Resources */ = {isa = PBXBuildFile; fileRef = 69AB08862B342D3900F3F377 /* Localizable.strings */; };
		69AB08892B343EDD00F3F377 /* ViewController.swift in Sources */ = {isa = PBXBuildFile; fileRef = 69AB08882B343EDD00F3F377 /* ViewController.swift */; };
		69AB088D2B34FF3E00F3F377 /* nammi.gif in Resources */ = {isa = PBXBuildFile; fileRef = 69AB088C2B34FF3E00F3F377 /* nammi.gif */; };
		A6F1798E2B32D1DE00104141 /* Nammi_projectApp.swift in Sources */ = {isa = PBXBuildFile; fileRef = A6F1798D2B32D1DE00104141 /* Nammi_projectApp.swift */; };
		A6F179902B32D1DE00104141 /* ContentView.swift in Sources */ = {isa = PBXBuildFile; fileRef = A6F1798F2B32D1DE00104141 /* ContentView.swift */; };
		A6F179922B32D1DF00104141 /* Assets.xcassets in Resources */ = {isa = PBXBuildFile; fileRef = A6F179912B32D1DF00104141 /* Assets.xcassets */; };
		A6F179952B32D1DF00104141 /* Preview Assets.xcassets in Resources */ = {isa = PBXBuildFile; fileRef = A6F179942B32D1DF00104141 /* Preview Assets.xcassets */; };
		A6F1799C2B32D23F00104141 /* onboarding2.swift in Sources */ = {isa = PBXBuildFile; fileRef = A6F1799B2B32D23F00104141 /* onboarding2.swift */; };
		B33CE3AB2B32E4200020B324 /* notsafe.swift in Sources */ = {isa = PBXBuildFile; fileRef = B33CE3AA2B32E4200020B324 /* notsafe.swift */; };
		B33CE3AD2B32E4840020B324 /* Safe.swift in Sources */ = {isa = PBXBuildFile; fileRef = B33CE3AC2B32E4840020B324 /* Safe.swift */; };
/* End PBXBuildFile section */

/* Begin PBXFileReference section */
		69AB08552B32DAFC00F3F377 /* Splash.swift */ = {isa = PBXFileReference; lastKnownFileType = sourcecode.swift; path = Splash.swift; sourceTree = "<group>"; };
		69AB08572B32DB3900F3F377 /* Nmigif.gif */ = {isa = PBXFileReference; lastKnownFileType = image.gif; path = Nmigif.gif; sourceTree = "<group>"; };
		69AB08852B342D3900F3F377 /* en */ = {isa = PBXFileReference; lastKnownFileType = text.plist.strings; name = en; path = en.lproj/Localizable.strings; sourceTree = "<group>"; };
		69AB08872B342D6600F3F377 /* ar */ = {isa = PBXFileReference; lastKnownFileType = text.plist.strings; name = ar; path = ar.lproj/Localizable.strings; sourceTree = "<group>"; };
		69AB08882B343EDD00F3F377 /* ViewController.swift */ = {isa = PBXFileReference; fileEncoding = 4; lastKnownFileType = sourcecode.swift; path = ViewController.swift; sourceTree = "<group>"; };
		69AB088C2B34FF3E00F3F377 /* nammi.gif */ = {isa = PBXFileReference; lastKnownFileType = image.gif; path = nammi.gif; sourceTree = "<group>"; };
		A6F1798A2B32D1DE00104141 /* Nammi,project.app */ = {isa = PBXFileReference; explicitFileType = wrapper.application; includeInIndex = 0; path = "Nammi,project.app"; sourceTree = BUILT_PRODUCTS_DIR; };
		A6F1798D2B32D1DE00104141 /* Nammi_projectApp.swift */ = {isa = PBXFileReference; lastKnownFileType = sourcecode.swift; path = Nammi_projectApp.swift; sourceTree = "<group>"; };
		A6F1798F2B32D1DE00104141 /* ContentView.swift */ = {isa = PBXFileReference; lastKnownFileType = sourcecode.swift; path = ContentView.swift; sourceTree = "<group>"; };
		A6F179912B32D1DF00104141 /* Assets.xcassets */ = {isa = PBXFileReference; lastKnownFileType = folder.assetcatalog; path = Assets.xcassets; sourceTree = "<group>"; };
		A6F179942B32D1DF00104141 /* Preview Assets.xcassets */ = {isa = PBXFileReference; lastKnownFileType = folder.assetcatalog; path = "Preview Assets.xcassets"; sourceTree = "<group>"; };
		A6F1799B2B32D23F00104141 /* onboarding2.swift */ = {isa = PBXFileReference; lastKnownFileType = sourcecode.swift; path = onboarding2.swift; sourceTree = "<group>"; };
		B33CE3AA2B32E4200020B324 /* notsafe.swift */ = {isa = PBXFileReference; lastKnownFileType = sourcecode.swift; path = notsafe.swift; sourceTree = "<group>"; };
		B33CE3AC2B32E4840020B324 /* Safe.swift */ = {isa = PBXFileReference; lastKnownFileType = sourcecode.swift; path = Safe.swift; sourceTree = "<group>"; };
/* End PBXFileReference section */

/* Begin PBXFrameworksBuildPhase section */
		A6F179872B32D1DE00104141 /* Frameworks */ = {
			isa = PBXFrameworksBuildPhase;
			buildActionMask = 2147483647;
			files = (
			);
			runOnlyForDeploymentPostprocessing = 0;
		};
/* End PBXFrameworksBuildPhase section */

/* Begin PBXGroup section */
		A6F179812B32D1DE00104141 = {
			isa = PBXGroup;
			children = (
				A6F1798C2B32D1DE00104141 /* Nammi,project */,
				A6F1798B2B32D1DE00104141 /* Products */,
			);
			sourceTree = "<group>";
		};
		A6F1798B2B32D1DE00104141 /* Products */ = {
			isa = PBXGroup;
			children = (
				A6F1798A2B32D1DE00104141 /* Nammi,project.app */,
			);
			name = Products;
			sourceTree = "<group>";
		};
		A6F1798C2B32D1DE00104141 /* Nammi,project */ = {
			isa = PBXGroup;
			children = (
				69AB08862B342D3900F3F377 /* Localizable.strings */,
				69AB08552B32DAFC00F3F377 /* Splash.swift */,
				A6F1798F2B32D1DE00104141 /* ContentView.swift */,
				A6F1799B2B32D23F00104141 /* onboarding2.swift */,
				B33CE3AC2B32E4840020B324 /* Safe.swift */,
				B33CE3AA2B32E4200020B324 /* notsafe.swift */,
				A6F1798D2B32D1DE00104141 /* Nammi_projectApp.swift */,
				69AB08882B343EDD00F3F377 /* ViewController.swift */,
				69AB08572B32DB3900F3F377 /* Nmigif.gif */,
				69AB088C2B34FF3E00F3F377 /* nammi.gif */,
				A6F179912B32D1DF00104141 /* Assets.xcassets */,
				A6F179932B32D1DF00104141 /* Preview Content */,
			);
			path = "Nammi,project";
			sourceTree = "<group>";
		};
		A6F179932B32D1DF00104141 /* Preview Content */ = {
			isa = PBXGroup;
			children = (
				A6F179942B32D1DF00104141 /* Preview Assets.xcassets */,
			);
			path = "Preview Content";
			sourceTree = "<group>";
		};
/* End PBXGroup section */

/* Begin PBXNativeTarget section */
		A6F179892B32D1DE00104141 /* Nammi,project */ = {
			isa = PBXNativeTarget;
			buildConfigurationList = A6F179982B32D1DF00104141 /* Build configuration list for PBXNativeTarget "Nammi,project" */;
			buildPhases = (
				A6F179862B32D1DE00104141 /* Sources */,
				A6F179872B32D1DE00104141 /* Frameworks */,
				A6F179882B32D1DE00104141 /* Resources */,
			);
			buildRules = (
			);
			dependencies = (
			);
			name = "Nammi,project";
			productName = "Nammi,project";
			productReference = A6F1798A2B32D1DE00104141 /* Nammi,project.app */;
			productType = "com.apple.product-type.application";
		};
/* End PBXNativeTarget section */

/* Begin PBXProject section */
		A6F179822B32D1DE00104141 /* Project object */ = {
			isa = PBXProject;
			attributes = {
				BuildIndependentTargetsInParallel = 1;
				LastSwiftUpdateCheck = 1500;
				LastUpgradeCheck = 1500;
				TargetAttributes = {
					A6F179892B32D1DE00104141 = {
						CreatedOnToolsVersion = 15.0.1;
					};
				};
			};
			buildConfigurationList = A6F179852B32D1DE00104141 /* Build configuration list for PBXProject "Nammi,project" */;
			compatibilityVersion = "Xcode 14.0";
			developmentRegion = en;
			hasScannedForEncodings = 0;
			knownRegions = (
				en,
				Base,
				ar,
			);
			mainGroup = A6F179812B32D1DE00104141;
			productRefGroup = A6F1798B2B32D1DE00104141 /* Products */;
			projectDirPath = "";
			projectRoot = "";
			targets = (
				A6F179892B32D1DE00104141 /* Nammi,project */,
			);
		};
/* End PBXProject section */

/* Begin PBXResourcesBuildPhase section */
		A6F179882B32D1DE00104141 /* Resources */ = {
			isa = PBXResourcesBuildPhase;
			buildActionMask = 2147483647;
			files = (
				A6F179952B32D1DF00104141 /* Preview Assets.xcassets in Resources */,
				69AB08842B342D3900F3F377 /* Localizable.strings in Resources */,
				A6F179922B32D1DF00104141 /* Assets.xcassets in Resources */,
				69AB08582B32DB3900F3F377 /* Nmigif.gif in Resources */,
				69AB088D2B34FF3E00F3F377 /* nammi.gif in Resources */,
			);
			runOnlyForDeploymentPostprocessing = 0;
		};
/* End PBXResourcesBuildPhase section */

/* Begin PBXSourcesBuildPhase section */
		A6F179862B32D1DE00104141 /* Sources */ = {
			isa = PBXSourcesBuildPhase;
			buildActionMask = 2147483647;
			files = (
				A6F179902B32D1DE00104141 /* ContentView.swift in Sources */,
				A6F1799C2B32D23F00104141 /* onboarding2.swift in Sources */,
				B33CE3AB2B32E4200020B324 /* notsafe.swift in Sources */,
				69AB08562B32DAFC00F3F377 /* Splash.swift in Sources */,
				69AB08892B343EDD00F3F377 /* ViewController.swift in Sources */,
				B33CE3AD2B32E4840020B324 /* Safe.swift in Sources */,
				A6F1798E2B32D1DE00104141 /* Nammi_projectApp.swift in Sources */,
			);
			runOnlyForDeploymentPostprocessing = 0;
		};
/* End PBXSourcesBuildPhase section */

/* Begin PBXVariantGroup section */
		69AB08862B342D3900F3F377 /* Localizable.strings */ = {
			isa = PBXVariantGroup;
			children = (
				69AB08852B342D3900F3F377 /* en */,
				69AB08872B342D6600F3F377 /* ar */,
			);
			name = Localizable.strings;
			sourceTree = "<group>";
		};
/* End PBXVariantGroup section */

/* Begin XCBuildConfiguration section */
		A6F179962B32D1DF00104141 /* Debug */ = {
			isa = XCBuildConfiguration;
			buildSettings = {
				ALWAYS_SEARCH_USER_PATHS = NO;
				ASSETCATALOG_COMPILER_GENERATE_SWIFT_ASSET_SYMBOL_EXTENSIONS = YES;
				CLANG_ANALYZER_LOCALIZABILITY_NONLOCALIZED = YES;
				CLANG_ANALYZER_NONNULL = YES;
				CLANG_ANALYZER_NUMBER_OBJECT_CONVERSION = YES_AGGRESSIVE;
				CLANG_CXX_LANGUAGE_STANDARD = "gnu++20";
				CLANG_ENABLE_MODULES = YES;
				CLANG_ENABLE_OBJC_ARC = YES;
				CLANG_ENABLE_OBJC_WEAK = YES;
				CLANG_WARN_BLOCK_CAPTURE_AUTORELEASING = YES;
				CLANG_WARN_BOOL_CONVERSION = YES;
				CLANG_WARN_COMMA = YES;
				CLANG_WARN_CONSTANT_CONVERSION = YES;
				CLANG_WARN_DEPRECATED_OBJC_IMPLEMENTATIONS = YES;
				CLANG_WARN_DIRECT_OBJC_ISA_USAGE = YES_ERROR;
				CLANG_WARN_DOCUMENTATION_COMMENTS = YES;
				CLANG_WARN_EMPTY_BODY = YES;
				CLANG_WARN_ENUM_CONVERSION = YES;
				CLANG_WARN_INFINITE_RECURSION = YES;
				CLANG_WARN_INT_CONVERSION = YES;
				CLANG_WARN_NON_LITERAL_NULL_CONVERSION = YES;
				CLANG_WARN_OBJC_IMPLICIT_RETAIN_SELF = YES;
				CLANG_WARN_OBJC_LITERAL_CONVERSION = YES;
				CLANG_WARN_OBJC_ROOT_CLASS = YES_ERROR;
				CLANG_WARN_QUOTED_INCLUDE_IN_FRAMEWORK_HEADER = YES;
				CLANG_WARN_RANGE_LOOP_ANALYSIS = YES;
				CLANG_WARN_STRICT_PROTOTYPES = YES;
				CLANG_WARN_SUSPICIOUS_MOVE = YES;
				CLANG_WARN_UNGUARDED_AVAILABILITY = YES_AGGRESSIVE;
				CLANG_WARN_UNREACHABLE_CODE = YES;
				CLANG_WARN__DUPLICATE_METHOD_MATCH = YES;
				COPY_PHASE_STRIP = NO;
				DEBUG_INFORMATION_FORMAT = dwarf;
				ENABLE_STRICT_OBJC_MSGSEND = YES;
				ENABLE_TESTABILITY = YES;
				ENABLE_USER_SCRIPT_SANDBOXING = YES;
				GCC_C_LANGUAGE_STANDARD = gnu17;
				GCC_DYNAMIC_NO_PIC = NO;
				GCC_NO_COMMON_BLOCKS = YES;
				GCC_OPTIMIZATION_LEVEL = 0;
				GCC_PREPROCESSOR_DEFINITIONS = (
					"DEBUG=1",
					"$(inherited)",
				);
				GCC_WARN_64_TO_32_BIT_CONVERSION = YES;
				GCC_WARN_ABOUT_RETURN_TYPE = YES_ERROR;
				GCC_WARN_UNDECLARED_SELECTOR = YES;
				GCC_WARN_UNINITIALIZED_AUTOS = YES_AGGRESSIVE;
				GCC_WARN_UNUSED_FUNCTION = YES;
				GCC_WARN_UNUSED_VARIABLE = YES;
				IPHONEOS_DEPLOYMENT_TARGET = 17.0;
				LOCALIZATION_PREFERS_STRING_CATALOGS = YES;
				MTL_ENABLE_DEBUG_INFO = INCLUDE_SOURCE;
				MTL_FAST_MATH = YES;
				ONLY_ACTIVE_ARCH = YES;
				SDKROOT = iphoneos;
				SWIFT_ACTIVE_COMPILATION_CONDITIONS = "DEBUG $(inherited)";
				SWIFT_OPTIMIZATION_LEVEL = "-Onone";
			};
			name = Debug;
		};
		A6F179972B32D1DF00104141 /* Release */ = {
			isa = XCBuildConfiguration;
			buildSettings = {
				ALWAYS_SEARCH_USER_PATHS = NO;
				ASSETCATALOG_COMPILER_GENERATE_SWIFT_ASSET_SYMBOL_EXTENSIONS = YES;
				CLANG_ANALYZER_LOCALIZABILITY_NONLOCALIZED = YES;
				CLANG_ANALYZER_NONNULL = YES;
				CLANG_ANALYZER_NUMBER_OBJECT_CONVERSION = YES_AGGRESSIVE;
				CLANG_CXX_LANGUAGE_STANDARD = "gnu++20";
				CLANG_ENABLE_MODULES = YES;
				CLANG_ENABLE_OBJC_ARC = YES;
				CLANG_ENABLE_OBJC_WEAK = YES;
				CLANG_WARN_BLOCK_CAPTURE_AUTORELEASING = YES;
				CLANG_WARN_BOOL_CONVERSION = YES;
				CLANG_WARN_COMMA = YES;
				CLANG_WARN_CONSTANT_CONVERSION = YES;
				CLANG_WARN_DEPRECATED_OBJC_IMPLEMENTATIONS = YES;
				CLANG_WARN_DIRECT_OBJC_ISA_USAGE = YES_ERROR;
				CLANG_WARN_DOCUMENTATION_COMMENTS = YES;
				CLANG_WARN_EMPTY_BODY = YES;
				CLANG_WARN_ENUM_CONVERSION = YES;
				CLANG_WARN_INFINITE_RECURSION = YES;
				CLANG_WARN_INT_CONVERSION = YES;
				CLANG_WARN_NON_LITERAL_NULL_CONVERSION = YES;
				CLANG_WARN_OBJC_IMPLICIT_RETAIN_SELF = YES;
				CLANG_WARN_OBJC_LITERAL_CONVERSION = YES;
				CLANG_WARN_OBJC_ROOT_CLASS = YES_ERROR;
				CLANG_WARN_QUOTED_INCLUDE_IN_FRAMEWORK_HEADER = YES;
				CLANG_WARN_RANGE_LOOP_ANALYSIS = YES;
				CLANG_WARN_STRICT_PROTOTYPES = YES;
				CLANG_WARN_SUSPICIOUS_MOVE = YES;
				CLANG_WARN_UNGUARDED_AVAILABILITY = YES_AGGRESSIVE;
				CLANG_WARN_UNREACHABLE_CODE = YES;
				CLANG_WARN__DUPLICATE_METHOD_MATCH = YES;
				COPY_PHASE_STRIP = NO;
				DEBUG_INFORMATION_FORMAT = "dwarf-with-dsym";
				ENABLE_NS_ASSERTIONS = NO;
				ENABLE_STRICT_OBJC_MSGSEND = YES;
				ENABLE_USER_SCRIPT_SANDBOXING = YES;
				GCC_C_LANGUAGE_STANDARD = gnu17;
				GCC_NO_COMMON_BLOCKS = YES;
				GCC_WARN_64_TO_32_BIT_CONVERSION = YES;
				GCC_WARN_ABOUT_RETURN_TYPE = YES_ERROR;
				GCC_WARN_UNDECLARED_SELECTOR = YES;
				GCC_WARN_UNINITIALIZED_AUTOS = YES_AGGRESSIVE;
				GCC_WARN_UNUSED_FUNCTION = YES;
				GCC_WARN_UNUSED_VARIABLE = YES;
				IPHONEOS_DEPLOYMENT_TARGET = 17.0;
				LOCALIZATION_PREFERS_STRING_CATALOGS = YES;
				MTL_ENABLE_DEBUG_INFO = NO;
				MTL_FAST_MATH = YES;
				SDKROOT = iphoneos;
				SWIFT_COMPILATION_MODE = wholemodule;
				VALIDATE_PRODUCT = YES;
			};
			name = Release;
		};
		A6F179992B32D1DF00104141 /* Debug */ = {
			isa = XCBuildConfiguration;
			buildSettings = {
				ASSETCATALOG_COMPILER_APPICON_NAME = AppIcon;
				ASSETCATALOG_COMPILER_GLOBAL_ACCENT_COLOR_NAME = AccentColor;
				CODE_SIGN_STYLE = Automatic;
				CURRENT_PROJECT_VERSION = 1;
				DEVELOPMENT_ASSET_PATHS = "\"Nammi,project/Preview Content\"";
				ENABLE_PREVIEWS = YES;
				GENERATE_INFOPLIST_FILE = YES;
				INFOPLIST_KEY_UIApplicationSceneManifest_Generation = YES;
				INFOPLIST_KEY_UIApplicationSupportsIndirectInputEvents = YES;
				INFOPLIST_KEY_UILaunchScreen_Generation = YES;
				INFOPLIST_KEY_UISupportedInterfaceOrientations_iPad = "UIInterfaceOrientationPortrait UIInterfaceOrientationPortraitUpsideDown UIInterfaceOrientationLandscapeLeft UIInterfaceOrientationLandscapeRight";
				INFOPLIST_KEY_UISupportedInterfaceOrientations_iPhone = "UIInterfaceOrientationPortrait UIInterfaceOrientationLandscapeLeft UIInterfaceOrientationLandscapeRight";
				LD_RUNPATH_SEARCH_PATHS = (
					"$(inherited)",
					"@executable_path/Frameworks",
				);
				MARKETING_VERSION = 1.0;
				PRODUCT_BUNDLE_IDENTIFIER = "e.Nammi-project";
				PRODUCT_NAME = "$(TARGET_NAME)";
				SWIFT_EMIT_LOC_STRINGS = YES;
				SWIFT_VERSION = 5.0;
				TARGETED_DEVICE_FAMILY = "1,2";
			};
			name = Debug;
		};
		A6F1799A2B32D1DF00104141 /* Release */ = {
			isa = XCBuildConfiguration;
			buildSettings = {
				ASSETCATALOG_COMPILER_APPICON_NAME = AppIcon;
				ASSETCATALOG_COMPILER_GLOBAL_ACCENT_COLOR_NAME = AccentColor;
				CODE_SIGN_STYLE = Automatic;
				CURRENT_PROJECT_VERSION = 1;
				DEVELOPMENT_ASSET_PATHS = "\"Nammi,project/Preview Content\"";
				ENABLE_PREVIEWS = YES;
				GENERATE_INFOPLIST_FILE = YES;
				INFOPLIST_KEY_UIApplicationSceneManifest_Generation = YES;
				INFOPLIST_KEY_UIApplicationSupportsIndirectInputEvents = YES;
				INFOPLIST_KEY_UILaunchScreen_Generation = YES;
				INFOPLIST_KEY_UISupportedInterfaceOrientations_iPad = "UIInterfaceOrientationPortrait UIInterfaceOrientationPortraitUpsideDown UIInterfaceOrientationLandscapeLeft UIInterfaceOrientationLandscapeRight";
				INFOPLIST_KEY_UISupportedInterfaceOrientations_iPhone = "UIInterfaceOrientationPortrait UIInterfaceOrientationLandscapeLeft UIInterfaceOrientationLandscapeRight";
				LD_RUNPATH_SEARCH_PATHS = (
					"$(inherited)",
					"@executable_path/Frameworks",
				);
				MARKETING_VERSION = 1.0;
				PRODUCT_BUNDLE_IDENTIFIER = "e.Nammi-project";
				PRODUCT_NAME = "$(TARGET_NAME)";
				SWIFT_EMIT_LOC_STRINGS = YES;
				SWIFT_VERSION = 5.0;
				TARGETED_DEVICE_FAMILY = "1,2";
			};
			name = Release;
		};
/* End XCBuildConfiguration section */

/* Begin XCConfigurationList section */
		A6F179852B32D1DE00104141 /* Build configuration list for PBXProject "Nammi,project" */ = {
			isa = XCConfigurationList;
			buildConfigurations = (
				A6F179962B32D1DF00104141 /* Debug */,
				A6F179972B32D1DF00104141 /* Release */,
			);
			defaultConfigurationIsVisible = 0;
			defaultConfigurationName = Release;
		};
		A6F179982B32D1DF00104141 /* Build configuration list for PBXNativeTarget "Nammi,project" */ = {
			isa = XCConfigurationList;
			buildConfigurations = (
				A6F179992B32D1DF00104141 /* Debug */,
				A6F1799A2B32D1DF00104141 /* Release */,
			);
			defaultConfigurationIsVisible = 0;
			defaultConfigurationName = Release;
		};
/* End XCConfigurationList section */
	};
	rootObject = A6F179822B32D1DE00104141 /* Project object */;
}
